
Microsoft Visual Studio Solution File, Format Version 12.00
# Visual Studio Version 17
VisualStudioVersion = 17.2.32602.215
MinimumVisualStudioVersion = 10.0.40219.1
Project("{FAE04EC0-301F-11D3-BF4B-00C04F79EFBC}") = "WinFormsApp1", "WinFormsApp1\WinFormsApp1.csproj", "{DD0DF488-759D-42E1-95B2-662D9D0409A4}"
EndProject
Global
	GlobalSection(SolutionConfigurationPlatforms) = preSolution
		Debug|Any CPU = Debug|Any CPU
		Release|Any CPU = Release|Any CPU
	EndGlobalSection
	GlobalSection(ProjectConfigurationPlatforms) = postSolution
		{DD0DF488-759D-42E1-95B2-662D9D0409A4}.Debug|Any CPU.ActiveCfg = Debug|Any CPU
		{DD0DF488-759D-42E1-95B2-662D9D0409A4}.Debug|Any CPU.Build.0 = Debug|Any CPU
		{DD0DF488-759D-42E1-95B2-662D9D0409A4}.Release|Any CPU.ActiveCfg = Release|Any CPU
		{DD0DF488-759D-42E1-95B2-662D9D0409A4}.Release|Any CPU.Build.0 = Release|Any CPU
	EndGlobalSection
	GlobalSection(SolutionProperties) = preSolution
		HideSolutionNode = FALSE
	EndGlobalSection
	GlobalSection(ExtensibilityGlobals) = postSolution
		SolutionGuid = {7705FC35-CAA1-4964-99D9-4EC637EC6B7C}
	EndGlobalSection
EndGlobal
